
Microsoft Visual Studio Solution File, Format Version 12.00
# Visual Studio 15
VisualStudioVersion = 15.0.27130.2027
MinimumVisualStudioVersion = 10.0.40219.1
Project("{FAE04EC0-301F-11D3-BF4B-00C04F79EFBC}") = "Chocola.Scraper", "Chocola.Scraper\Chocola.Scraper.csproj", "{A5FD5BD8-D3DA-425A-A83E-3E7C9759C20E}"
EndProject
Global
	GlobalSection(SolutionConfigurationPlatforms) = preSolution
		Debug|Any CPU = Debug|Any CPU
		Release|Any CPU = Release|Any CPU
	EndGlobalSection
	GlobalSection(ProjectConfigurationPlatforms) = postSolution
		{A5FD5BD8-D3DA-425A-A83E-3E7C9759C20E}.Debug|Any CPU.ActiveCfg = Debug|Any CPU
		{A5FD5BD8-D3DA-425A-A83E-3E7C9759C20E}.Debug|Any CPU.Build.0 = Debug|Any CPU
		{A5FD5BD8-D3DA-425A-A83E-3E7C9759C20E}.Release|Any CPU.ActiveCfg = Release|Any CPU
		{A5FD5BD8-D3DA-425A-A83E-3E7C9759C20E}.Release|Any CPU.Build.0 = Release|Any CPU
	EndGlobalSection
	GlobalSection(SolutionProperties) = preSolution
		HideSolutionNode = FALSE
	EndGlobalSection
	GlobalSection(ExtensibilityGlobals) = postSolution
		SolutionGuid = {04A5E0EE-E89A-4BED-BB30-A2B10D42442C}
	EndGlobalSection
EndGlobal
